// !$*UTF8*$!
{
	archiveVersion = 1;
	classes = {
	};
	objectVersion = 56;
	objects = {

/* Begin PBXBuildFile section */
		766F18112B6C9F6000C6CD30 /* TuneTallyApp.swift in Sources */ = {isa = PBXBuildFile; fileRef = 766F18102B6C9F6000C6CD30 /* TuneTallyApp.swift */; };
		766F18132B6C9F6000C6CD30 /* ContentView.swift in Sources */ = {isa = PBXBuildFile; fileRef = 766F18122B6C9F6000C6CD30 /* ContentView.swift */; };
		766F18152B6C9F6200C6CD30 /* Assets.xcassets in Resources */ = {isa = PBXBuildFile; fileRef = 766F18142B6C9F6200C6CD30 /* Assets.xcassets */; };
		766F18182B6C9F6200C6CD30 /* Preview Assets.xcassets in Resources */ = {isa = PBXBuildFile; fileRef = 766F18172B6C9F6200C6CD30 /* Preview Assets.xcassets */; };
		766F18222B6C9F6200C6CD30 /* TuneTallyTests.swift in Sources */ = {isa = PBXBuildFile; fileRef = 766F18212B6C9F6200C6CD30 /* TuneTallyTests.swift */; };
		766F182C2B6C9F6200C6CD30 /* TuneTallyUITests.swift in Sources */ = {isa = PBXBuildFile; fileRef = 766F182B2B6C9F6200C6CD30 /* TuneTallyUITests.swift */; };
		766F182E2B6C9F6200C6CD30 /* TuneTallyUITestsLaunchTests.swift in Sources */ = {isa = PBXBuildFile; fileRef = 766F182D2B6C9F6200C6CD30 /* TuneTallyUITestsLaunchTests.swift */; };
/* End PBXBuildFile section */

/* Begin PBXContainerItemProxy section */
		766F181E2B6C9F6200C6CD30 /* PBXContainerItemProxy */ = {
			isa = PBXContainerItemProxy;
			containerPortal = 766F18052B6C9F6000C6CD30 /* Project object */;
			proxyType = 1;
			remoteGlobalIDString = 766F180C2B6C9F6000C6CD30;
			remoteInfo = TuneTally;
		};
		766F18282B6C9F6200C6CD30 /* PBXContainerItemProxy */ = {
			isa = PBXContainerItemProxy;
			containerPortal = 766F18052B6C9F6000C6CD30 /* Project object */;
			proxyType = 1;
			remoteGlobalIDString = 766F180C2B6C9F6000C6CD30;
			remoteInfo = TuneTally;
		};
/* End PBXContainerItemProxy section */

/* Begin PBXFileReference section */
		766F180D2B6C9F6000C6CD30 /* TuneTally.app */ = {isa = PBXFileReference; explicitFileType = wrapper.application; includeInIndex = 0; path = TuneTally.app; sourceTree = BUILT_PRODUCTS_DIR; };
		766F18102B6C9F6000C6CD30 /* TuneTallyApp.swift */ = {isa = PBXFileReference; lastKnownFileType = sourcecode.swift; path = TuneTallyApp.swift; sourceTree = "<group>"; };
		766F18122B6C9F6000C6CD30 /* ContentView.swift */ = {isa = PBXFileReference; lastKnownFileType = sourcecode.swift; path = ContentView.swift; sourceTree = "<group>"; };
		766F18142B6C9F6200C6CD30 /* Assets.xcassets */ = {isa = PBXFileReference; lastKnownFileType = folder.assetcatalog; path = Assets.xcassets; sourceTree = "<group>"; };
		766F18172B6C9F6200C6CD30 /* Preview Assets.xcassets */ = {isa = PBXFileReference; lastKnownFileType = folder.assetcatalog; path = "Preview Assets.xcassets"; sourceTree = "<group>"; };
		766F181D2B6C9F6200C6CD30 /* TuneTallyTests.xctest */ = {isa = PBXFileReference; explicitFileType = wrapper.cfbundle; includeInIndex = 0; path = TuneTallyTests.xctest; sourceTree = BUILT_PRODUCTS_DIR; };
		766F18212B6C9F6200C6CD30 /* TuneTallyTests.swift */ = {isa = PBXFileReference; lastKnownFileType = sourcecode.swift; path = TuneTallyTests.swift; sourceTree = "<group>"; };
		766F18272B6C9F6200C6CD30 /* TuneTallyUITests.xctest */ = {isa = PBXFileReference; explicitFileType = wrapper.cfbundle; includeInIndex = 0; path = TuneTallyUITests.xctest; sourceTree = BUILT_PRODUCTS_DIR; };
		766F182B2B6C9F6200C6CD30 /* TuneTallyUITests.swift */ = {isa = PBXFileReference; lastKnownFileType = sourcecode.swift; path = TuneTallyUITests.swift; sourceTree = "<group>"; };
		766F182D2B6C9F6200C6CD30 /* TuneTallyUITestsLaunchTests.swift */ = {isa = PBXFileReference; lastKnownFileType = sourcecode.swift; path = TuneTallyUITestsLaunchTests.swift; sourceTree = "<group>"; };
/* End PBXFileReference section */

/* Begin PBXFrameworksBuildPhase section */
		766F180A2B6C9F6000C6CD30 /* Frameworks */ = {
			isa = PBXFrameworksBuildPhase;
			buildActionMask = 2147483647;
			files = (
			);
			runOnlyForDeploymentPostprocessing = 0;
		};
		766F181A2B6C9F6200C6CD30 /* Frameworks */ = {
			isa = PBXFrameworksBuildPhase;
			buildActionMask = 2147483647;
			files = (
			);
			runOnlyForDeploymentPostprocessing = 0;
		};
		766F18242B6C9F6200C6CD30 /* Frameworks */ = {
			isa = PBXFrameworksBuildPhase;
			buildActionMask = 2147483647;
			files = (
			);
			runOnlyForDeploymentPostprocessing = 0;
		};
/* End PBXFrameworksBuildPhase section */

/* Begin PBXGroup section */
		766F18042B6C9F6000C6CD30 = {
			isa = PBXGroup;
			children = (
				766F180F2B6C9F6000C6CD30 /* TuneTally */,
				766F18202B6C9F6200C6CD30 /* TuneTallyTests */,
				766F182A2B6C9F6200C6CD30 /* TuneTallyUITests */,
				766F180E2B6C9F6000C6CD30 /* Products */,
			);
			sourceTree = "<group>";
		};
		766F180E2B6C9F6000C6CD30 /* Products */ = {
			isa = PBXGroup;
			children = (
				766F180D2B6C9F6000C6CD30 /* TuneTally.app */,
				766F181D2B6C9F6200C6CD30 /* TuneTallyTests.xctest */,
				766F18272B6C9F6200C6CD30 /* TuneTallyUITests.xctest */,
			);
			name = Products;
			sourceTree = "<group>";
		};
		766F180F2B6C9F6000C6CD30 /* TuneTally */ = {
			isa = PBXGroup;
			children = (
				766F18102B6C9F6000C6CD30 /* TuneTallyApp.swift */,
				766F18122B6C9F6000C6CD30 /* ContentView.swift */,
				766F18142B6C9F6200C6CD30 /* Assets.xcassets */,
				766F18162B6C9F6200C6CD30 /* Preview Content */,
			);
			path = TuneTally;
			sourceTree = "<group>";
		};
		766F18162B6C9F6200C6CD30 /* Preview Content */ = {
			isa = PBXGroup;
			children = (
				766F18172B6C9F6200C6CD30 /* Preview Assets.xcassets */,
			);
			path = "Preview Content";
			sourceTree = "<group>";
		};
		766F18202B6C9F6200C6CD30 /* TuneTallyTests */ = {
			isa = PBXGroup;
			children = (
				766F18212B6C9F6200C6CD30 /* TuneTallyTests.swift */,
			);
			path = TuneTallyTests;
			sourceTree = "<group>";
		};
		766F182A2B6C9F6200C6CD30 /* TuneTallyUITests */ = {
			isa = PBXGroup;
			children = (
				766F182B2B6C9F6200C6CD30 /* TuneTallyUITests.swift */,
				766F182D2B6C9F6200C6CD30 /* TuneTallyUITestsLaunchTests.swift */,
			);
			path = TuneTallyUITests;
			sourceTree = "<group>";
		};
/* End PBXGroup section */

/* Begin PBXNativeTarget section */
		766F180C2B6C9F6000C6CD30 /* TuneTally */ = {
			isa = PBXNativeTarget;
			buildConfigurationList = 766F18312B6C9F6200C6CD30 /* Build configuration list for PBXNativeTarget "TuneTally" */;
			buildPhases = (
				766F18092B6C9F6000C6CD30 /* Sources */,
				766F180A2B6C9F6000C6CD30 /* Frameworks */,
				766F180B2B6C9F6000C6CD30 /* Resources */,
			);
			buildRules = (
			);
			dependencies = (
			);
			name = TuneTally;
			productName = TuneTally;
			productReference = 766F180D2B6C9F6000C6CD30 /* TuneTally.app */;
			productType = "com.apple.product-type.application";
		};
		766F181C2B6C9F6200C6CD30 /* TuneTallyTests */ = {
			isa = PBXNativeTarget;
			buildConfigurationList = 766F18342B6C9F6200C6CD30 /* Build configuration list for PBXNativeTarget "TuneTallyTests" */;
			buildPhases = (
				766F18192B6C9F6200C6CD30 /* Sources */,
				766F181A2B6C9F6200C6CD30 /* Frameworks */,
				766F181B2B6C9F6200C6CD30 /* Resources */,
			);
			buildRules = (
			);
			dependencies = (
				766F181F2B6C9F6200C6CD30 /* PBXTargetDependency */,
			);
			name = TuneTallyTests;
			productName = TuneTallyTests;
			productReference = 766F181D2B6C9F6200C6CD30 /* TuneTallyTests.xctest */;
			productType = "com.apple.product-type.bundle.unit-test";
		};
		766F18262B6C9F6200C6CD30 /* TuneTallyUITests */ = {
			isa = PBXNativeTarget;
			buildConfigurationList = 766F18372B6C9F6200C6CD30 /* Build configuration list for PBXNativeTarget "TuneTallyUITests" */;
			buildPhases = (
				766F18232B6C9F6200C6CD30 /* Sources */,
				766F18242B6C9F6200C6CD30 /* Frameworks */,
				766F18252B6C9F6200C6CD30 /* Resources */,
			);
			buildRules = (
			);
			dependencies = (
				766F18292B6C9F6200C6CD30 /* PBXTargetDependency */,
			);
			name = TuneTallyUITests;
			productName = TuneTallyUITests;
			productReference = 766F18272B6C9F6200C6CD30 /* TuneTallyUITests.xctest */;
			productType = "com.apple.product-type.bundle.ui-testing";
		};
/* End PBXNativeTarget section */

/* Begin PBXProject section */
		766F18052B6C9F6000C6CD30 /* Project object */ = {
			isa = PBXProject;
			attributes = {
				BuildIndependentTargetsInParallel = 1;
				LastSwiftUpdateCheck = 1520;
				LastUpgradeCheck = 1520;
				TargetAttributes = {
					766F180C2B6C9F6000C6CD30 = {
						CreatedOnToolsVersion = 15.2;
					};
					766F181C2B6C9F6200C6CD30 = {
						CreatedOnToolsVersion = 15.2;
						TestTargetID = 766F180C2B6C9F6000C6CD30;
					};
					766F18262B6C9F6200C6CD30 = {
						CreatedOnToolsVersion = 15.2;
						TestTargetID = 766F180C2B6C9F6000C6CD30;
					};
				};
			};
			buildConfigurationList = 766F18082B6C9F6000C6CD30 /* Build configuration list for PBXProject "TuneTally" */;
			compatibilityVersion = "Xcode 14.0";
			developmentRegion = en;
			hasScannedForEncodings = 0;
			knownRegions = (
				en,
				Base,
			);
			mainGroup = 766F18042B6C9F6000C6CD30;
			productRefGroup = 766F180E2B6C9F6000C6CD30 /* Products */;
			projectDirPath = "";
			projectRoot = "";
			targets = (
				766F180C2B6C9F6000C6CD30 /* TuneTally */,
				766F181C2B6C9F6200C6CD30 /* TuneTallyTests */,
				766F18262B6C9F6200C6CD30 /* TuneTallyUITests */,
			);
		};
/* End PBXProject section */

/* Begin PBXResourcesBuildPhase section */
		766F180B2B6C9F6000C6CD30 /* Resources */ = {
			isa = PBXResourcesBuildPhase;
			buildActionMask = 2147483647;
			files = (
				766F18182B6C9F6200C6CD30 /* Preview Assets.xcassets in Resources */,
				766F18152B6C9F6200C6CD30 /* Assets.xcassets in Resources */,
			);
			runOnlyForDeploymentPostprocessing = 0;
		};
		766F181B2B6C9F6200C6CD30 /* Resources */ = {
			isa = PBXResourcesBuildPhase;
			buildActionMask = 2147483647;
			files = (
			);
			runOnlyForDeploymentPostprocessing = 0;
		};
		766F18252B6C9F6200C6CD30 /* Resources */ = {
			isa = PBXResourcesBuildPhase;
			buildActionMask = 2147483647;
			files = (
			);
			runOnlyForDeploymentPostprocessing = 0;
		};
/* End PBXResourcesBuildPhase section */

/* Begin PBXSourcesBuildPhase section */
		766F18092B6C9F6000C6CD30 /* Sources */ = {
			isa = PBXSourcesBuildPhase;
			buildActionMask = 2147483647;
			files = (
				766F18132B6C9F6000C6CD30 /* ContentView.swift in Sources */,
				766F18112B6C9F6000C6CD30 /* TuneTallyApp.swift in Sources */,
			);
			runOnlyForDeploymentPostprocessing = 0;
		};
		766F18192B6C9F6200C6CD30 /* Sources */ = {
			isa = PBXSourcesBuildPhase;
			buildActionMask = 2147483647;
			files = (
				766F18222B6C9F6200C6CD30 /* TuneTallyTests.swift in Sources */,
			);
			runOnlyForDeploymentPostprocessing = 0;
		};
		766F18232B6C9F6200C6CD30 /* Sources */ = {
			isa = PBXSourcesBuildPhase;
			buildActionMask = 2147483647;
			files = (
				766F182C2B6C9F6200C6CD30 /* TuneTallyUITests.swift in Sources */,
				766F182E2B6C9F6200C6CD30 /* TuneTallyUITestsLaunchTests.swift in Sources */,
			);
			runOnlyForDeploymentPostprocessing = 0;
		};
/* End PBXSourcesBuildPhase section */

/* Begin PBXTargetDependency section */
		766F181F2B6C9F6200C6CD30 /* PBXTargetDependency */ = {
			isa = PBXTargetDependency;
			target = 766F180C2B6C9F6000C6CD30 /* TuneTally */;
			targetProxy = 766F181E2B6C9F6200C6CD30 /* PBXContainerItemProxy */;
		};
		766F18292B6C9F6200C6CD30 /* PBXTargetDependency */ = {
			isa = PBXTargetDependency;
			target = 766F180C2B6C9F6000C6CD30 /* TuneTally */;
			targetProxy = 766F18282B6C9F6200C6CD30 /* PBXContainerItemProxy */;
		};
/* End PBXTargetDependency section */

/* Begin XCBuildConfiguration section */
		766F182F2B6C9F6200C6CD30 /* Debug */ = {
			isa = XCBuildConfiguration;
			buildSettings = {
				ALWAYS_SEARCH_USER_PATHS = NO;
				ASSETCATALOG_COMPILER_GENERATE_SWIFT_ASSET_SYMBOL_EXTENSIONS = YES;
				CLANG_ANALYZER_NONNULL = YES;
				CLANG_ANALYZER_NUMBER_OBJECT_CONVERSION = YES_AGGRESSIVE;
				CLANG_CXX_LANGUAGE_STANDARD = "gnu++20";
				CLANG_ENABLE_MODULES = YES;
				CLANG_ENABLE_OBJC_ARC = YES;
				CLANG_ENABLE_OBJC_WEAK = YES;
				CLANG_WARN_BLOCK_CAPTURE_AUTORELEASING = YES;
				CLANG_WARN_BOOL_CONVERSION = YES;
				CLANG_WARN_COMMA = YES;
				CLANG_WARN_CONSTANT_CONVERSION = YES;
				CLANG_WARN_DEPRECATED_OBJC_IMPLEMENTATIONS = YES;
				CLANG_WARN_DIRECT_OBJC_ISA_USAGE = YES_ERROR;
				CLANG_WARN_DOCUMENTATION_COMMENTS = YES;
				CLANG_WARN_EMPTY_BODY = YES;
				CLANG_WARN_ENUM_CONVERSION = YES;
				CLANG_WARN_INFINITE_RECURSION = YES;
				CLANG_WARN_INT_CONVERSION = YES;
				CLANG_WARN_NON_LITERAL_NULL_CONVERSION = YES;
				CLANG_WARN_OBJC_IMPLICIT_RETAIN_SELF = YES;
				CLANG_WARN_OBJC_LITERAL_CONVERSION = YES;
				CLANG_WARN_OBJC_ROOT_CLASS = YES_ERROR;
				CLANG_WARN_QUOTED_INCLUDE_IN_FRAMEWORK_HEADER = YES;
				CLANG_WARN_RANGE_LOOP_ANALYSIS = YES;
				CLANG_WARN_STRICT_PROTOTYPES = YES;
				CLANG_WARN_SUSPICIOUS_MOVE = YES;
				CLANG_WARN_UNGUARDED_AVAILABILITY = YES_AGGRESSIVE;
				CLANG_WARN_UNREACHABLE_CODE = YES;
				CLANG_WARN__DUPLICATE_METHOD_MATCH = YES;
				COPY_PHASE_STRIP = NO;
				DEBUG_INFORMATION_FORMAT = dwarf;
				ENABLE_STRICT_OBJC_MSGSEND = YES;
				ENABLE_TESTABILITY = YES;
				ENABLE_USER_SCRIPT_SANDBOXING = YES;
				GCC_C_LANGUAGE_STANDARD = gnu17;
				GCC_DYNAMIC_NO_PIC = NO;
				GCC_NO_COMMON_BLOCKS = YES;
				GCC_OPTIMIZATION_LEVEL = 0;
				GCC_PREPROCESSOR_DEFINITIONS = (
					"DEBUG=1",
					"$(inherited)",
				);
				GCC_WARN_64_TO_32_BIT_CONVERSION = YES;
				GCC_WARN_ABOUT_RETURN_TYPE = YES_ERROR;
				GCC_WARN_UNDECLARED_SELECTOR = YES;
				GCC_WARN_UNINITIALIZED_AUTOS = YES_AGGRESSIVE;
				GCC_WARN_UNUSED_FUNCTION = YES;
				GCC_WARN_UNUSED_VARIABLE = YES;
				IPHONEOS_DEPLOYMENT_TARGET = 17.2;
				LOCALIZATION_PREFERS_STRING_CATALOGS = YES;
				MTL_ENABLE_DEBUG_INFO = INCLUDE_SOURCE;
				MTL_FAST_MATH = YES;
				ONLY_ACTIVE_ARCH = YES;
				SDKROOT = iphoneos;
				SWIFT_ACTIVE_COMPILATION_CONDITIONS = "DEBUG $(inherited)";
				SWIFT_OPTIMIZATION_LEVEL = "-Onone";
			};
			name = Debug;
		};
		766F18302B6C9F6200C6CD30 /* Release */ = {
			isa = XCBuildConfiguration;
			buildSettings = {
				ALWAYS_SEARCH_USER_PATHS = NO;
				ASSETCATALOG_COMPILER_GENERATE_SWIFT_ASSET_SYMBOL_EXTENSIONS = YES;
				CLANG_ANALYZER_NONNULL = YES;
				CLANG_ANALYZER_NUMBER_OBJECT_CONVERSION = YES_AGGRESSIVE;
				CLANG_CXX_LANGUAGE_STANDARD = "gnu++20";
				CLANG_ENABLE_MODULES = YES;
				CLANG_ENABLE_OBJC_ARC = YES;
				CLANG_ENABLE_OBJC_WEAK = YES;
				CLANG_WARN_BLOCK_CAPTURE_AUTORELEASING = YES;
				CLANG_WARN_BOOL_CONVERSION = YES;
				CLANG_WARN_COMMA = YES;
				CLANG_WARN_CONSTANT_CONVERSION = YES;
				CLANG_WARN_DEPRECATED_OBJC_IMPLEMENTATIONS = YES;
				CLANG_WARN_DIRECT_OBJC_ISA_USAGE = YES_ERROR;
				CLANG_WARN_DOCUMENTATION_COMMENTS = YES;
				CLANG_WARN_EMPTY_BODY = YES;
				CLANG_WARN_ENUM_CONVERSION = YES;
				CLANG_WARN_INFINITE_RECURSION = YES;
				CLANG_WARN_INT_CONVERSION = YES;
				CLANG_WARN_NON_LITERAL_NULL_CONVERSION = YES;
				CLANG_WARN_OBJC_IMPLICIT_RETAIN_SELF = YES;
				CLANG_WARN_OBJC_LITERAL_CONVERSION = YES;
				CLANG_WARN_OBJC_ROOT_CLASS = YES_ERROR;
				CLANG_WARN_QUOTED_INCLUDE_IN_FRAMEWORK_HEADER = YES;
				CLANG_WARN_RANGE_LOOP_ANALYSIS = YES;
				CLANG_WARN_STRICT_PROTOTYPES = YES;
				CLANG_WARN_SUSPICIOUS_MOVE = YES;
				CLANG_WARN_UNGUARDED_AVAILABILITY = YES_AGGRESSIVE;
				CLANG_WARN_UNREACHABLE_CODE = YES;
				CLANG_WARN__DUPLICATE_METHOD_MATCH = YES;
				COPY_PHASE_STRIP = NO;
				DEBUG_INFORMATION_FORMAT = "dwarf-with-dsym";
				ENABLE_NS_ASSERTIONS = NO;
				ENABLE_STRICT_OBJC_MSGSEND = YES;
				ENABLE_USER_SCRIPT_SANDBOXING = YES;
				GCC_C_LANGUAGE_STANDARD = gnu17;
				GCC_NO_COMMON_BLOCKS = YES;
				GCC_WARN_64_TO_32_BIT_CONVERSION = YES;
				GCC_WARN_ABOUT_RETURN_TYPE = YES_ERROR;
				GCC_WARN_UNDECLARED_SELECTOR = YES;
				GCC_WARN_UNINITIALIZED_AUTOS = YES_AGGRESSIVE;
				GCC_WARN_UNUSED_FUNCTION = YES;
				GCC_WARN_UNUSED_VARIABLE = YES;
				IPHONEOS_DEPLOYMENT_TARGET = 17.2;
				LOCALIZATION_PREFERS_STRING_CATALOGS = YES;
				MTL_ENABLE_DEBUG_INFO = NO;
				MTL_FAST_MATH = YES;
				SDKROOT = iphoneos;
				SWIFT_COMPILATION_MODE = wholemodule;
				VALIDATE_PRODUCT = YES;
			};
			name = Release;
		};
		766F18322B6C9F6200C6CD30 /* Debug */ = {
			isa = XCBuildConfiguration;
			buildSettings = {
				ASSETCATALOG_COMPILER_APPICON_NAME = AppIcon;
				ASSETCATALOG_COMPILER_GLOBAL_ACCENT_COLOR_NAME = AccentColor;
				CODE_SIGN_STYLE = Automatic;
				CURRENT_PROJECT_VERSION = 1;
				DEVELOPMENT_ASSET_PATHS = "\"TuneTally/Preview Content\"";
				DEVELOPMENT_TEAM = 2SS699MUPF;
				ENABLE_PREVIEWS = YES;
				GENERATE_INFOPLIST_FILE = YES;
				INFOPLIST_KEY_UIApplicationSceneManifest_Generation = YES;
				INFOPLIST_KEY_UIApplicationSupportsIndirectInputEvents = YES;
				INFOPLIST_KEY_UILaunchScreen_Generation = YES;
				INFOPLIST_KEY_UISupportedInterfaceOrientations_iPad = "UIInterfaceOrientationPortrait UIInterfaceOrientationPortraitUpsideDown UIInterfaceOrientationLandscapeLeft UIInterfaceOrientationLandscapeRight";
				INFOPLIST_KEY_UISupportedInterfaceOrientations_iPhone = "UIInterfaceOrientationPortrait UIInterfaceOrientationLandscapeLeft UIInterfaceOrientationLandscapeRight";
				LD_RUNPATH_SEARCH_PATHS = (
					"$(inherited)",
					"@executable_path/Frameworks",
				);
				MARKETING_VERSION = 1.0;
				PRODUCT_BUNDLE_IDENTIFIER = com.sebycolo.TuneTally;
				PRODUCT_NAME = "$(TARGET_NAME)";
				SWIFT_EMIT_LOC_STRINGS = YES;
				SWIFT_VERSION = 5.0;
				TARGETED_DEVICE_FAMILY = "1,2";
			};
			name = Debug;
		};
		766F18332B6C9F6200C6CD30 /* Release */ = {
			isa = XCBuildConfiguration;
			buildSettings = {
				ASSETCATALOG_COMPILER_APPICON_NAME = AppIcon;
				ASSETCATALOG_COMPILER_GLOBAL_ACCENT_COLOR_NAME = AccentColor;
				CODE_SIGN_STYLE = Automatic;
				CURRENT_PROJECT_VERSION = 1;
				DEVELOPMENT_ASSET_PATHS = "\"TuneTally/Preview Content\"";
				DEVELOPMENT_TEAM = 2SS699MUPF;
				ENABLE_PREVIEWS = YES;
				GENERATE_INFOPLIST_FILE = YES;
				INFOPLIST_KEY_UIApplicationSceneManifest_Generation = YES;
				INFOPLIST_KEY_UIApplicationSupportsIndirectInputEvents = YES;
				INFOPLIST_KEY_UILaunchScreen_Generation = YES;
				INFOPLIST_KEY_UISupportedInterfaceOrientations_iPad = "UIInterfaceOrientationPortrait UIInterfaceOrientationPortraitUpsideDown UIInterfaceOrientationLandscapeLeft UIInterfaceOrientationLandscapeRight";
				INFOPLIST_KEY_UISupportedInterfaceOrientations_iPhone = "UIInterfaceOrientationPortrait UIInterfaceOrientationLandscapeLeft UIInterfaceOrientationLandscapeRight";
				LD_RUNPATH_SEARCH_PATHS = (
					"$(inherited)",
					"@executable_path/Frameworks",
				);
				MARKETING_VERSION = 1.0;
				PRODUCT_BUNDLE_IDENTIFIER = com.sebycolo.TuneTally;
				PRODUCT_NAME = "$(TARGET_NAME)";
				SWIFT_EMIT_LOC_STRINGS = YES;
				SWIFT_VERSION = 5.0;
				TARGETED_DEVICE_FAMILY = "1,2";
			};
			name = Release;
		};
		766F18352B6C9F6200C6CD30 /* Debug */ = {
			isa = XCBuildConfiguration;
			buildSettings = {
				ALWAYS_EMBED_SWIFT_STANDARD_LIBRARIES = YES;
				BUNDLE_LOADER = "$(TEST_HOST)";
				CODE_SIGN_STYLE = Automatic;
				CURRENT_PROJECT_VERSION = 1;
				DEVELOPMENT_TEAM = 2SS699MUPF;
				GENERATE_INFOPLIST_FILE = YES;
				IPHONEOS_DEPLOYMENT_TARGET = 17.2;
				MARKETING_VERSION = 1.0;
				PRODUCT_BUNDLE_IDENTIFIER = com.sebycolo.TuneTallyTests;
				PRODUCT_NAME = "$(TARGET_NAME)";
				SWIFT_EMIT_LOC_STRINGS = NO;
				SWIFT_VERSION = 5.0;
				TARGETED_DEVICE_FAMILY = "1,2";
				TEST_HOST = "$(BUILT_PRODUCTS_DIR)/TuneTally.app/$(BUNDLE_EXECUTABLE_FOLDER_PATH)/TuneTally";
			};
			name = Debug;
		};
		766F18362B6C9F6200C6CD30 /* Release */ = {
			isa = XCBuildConfiguration;
			buildSettings = {
				ALWAYS_EMBED_SWIFT_STANDARD_LIBRARIES = YES;
				BUNDLE_LOADER = "$(TEST_HOST)";
				CODE_SIGN_STYLE = Automatic;
				CURRENT_PROJECT_VERSION = 1;
				DEVELOPMENT_TEAM = 2SS699MUPF;
				GENERATE_INFOPLIST_FILE = YES;
				IPHONEOS_DEPLOYMENT_TARGET = 17.2;
				MARKETING_VERSION = 1.0;
				PRODUCT_BUNDLE_IDENTIFIER = com.sebycolo.TuneTallyTests;
				PRODUCT_NAME = "$(TARGET_NAME)";
				SWIFT_EMIT_LOC_STRINGS = NO;
				SWIFT_VERSION = 5.0;
				TARGETED_DEVICE_FAMILY = "1,2";
				TEST_HOST = "$(BUILT_PRODUCTS_DIR)/TuneTally.app/$(BUNDLE_EXECUTABLE_FOLDER_PATH)/TuneTally";
			};
			name = Release;
		};
		766F18382B6C9F6200C6CD30 /* Debug */ = {
			isa = XCBuildConfiguration;
			buildSettings = {
				ALWAYS_EMBED_SWIFT_STANDARD_LIBRARIES = YES;
				CODE_SIGN_STYLE = Automatic;
				CURRENT_PROJECT_VERSION = 1;
				DEVELOPMENT_TEAM = 2SS699MUPF;
				GENERATE_INFOPLIST_FILE = YES;
				MARKETING_VERSION = 1.0;
				PRODUCT_BUNDLE_IDENTIFIER = com.sebycolo.TuneTallyUITests;
				PRODUCT_NAME = "$(TARGET_NAME)";
				SWIFT_EMIT_LOC_STRINGS = NO;
				SWIFT_VERSION = 5.0;
				TARGETED_DEVICE_FAMILY = "1,2";
				TEST_TARGET_NAME = TuneTally;
			};
			name = Debug;
		};
		766F18392B6C9F6200C6CD30 /* Release */ = {
			isa = XCBuildConfiguration;
			buildSettings = {
				ALWAYS_EMBED_SWIFT_STANDARD_LIBRARIES = YES;
				CODE_SIGN_STYLE = Automatic;
				CURRENT_PROJECT_VERSION = 1;
				DEVELOPMENT_TEAM = 2SS699MUPF;
				GENERATE_INFOPLIST_FILE = YES;
				MARKETING_VERSION = 1.0;
				PRODUCT_BUNDLE_IDENTIFIER = com.sebycolo.TuneTallyUITests;
				PRODUCT_NAME = "$(TARGET_NAME)";
				SWIFT_EMIT_LOC_STRINGS = NO;
				SWIFT_VERSION = 5.0;
				TARGETED_DEVICE_FAMILY = "1,2";
				TEST_TARGET_NAME = TuneTally;
			};
			name = Release;
		};
/* End XCBuildConfiguration section */

/* Begin XCConfigurationList section */
		766F18082B6C9F6000C6CD30 /* Build configuration list for PBXProject "TuneTally" */ = {
			isa = XCConfigurationList;
			buildConfigurations = (
				766F182F2B6C9F6200C6CD30 /* Debug */,
				766F18302B6C9F6200C6CD30 /* Release */,
			);
			defaultConfigurationIsVisible = 0;
			defaultConfigurationName = Release;
		};
		766F18312B6C9F6200C6CD30 /* Build configuration list for PBXNativeTarget "TuneTally" */ = {
			isa = XCConfigurationList;
			buildConfigurations = (
				766F18322B6C9F6200C6CD30 /* Debug */,
				766F18332B6C9F6200C6CD30 /* Release */,
			);
			defaultConfigurationIsVisible = 0;
			defaultConfigurationName = Release;
		};
		766F18342B6C9F6200C6CD30 /* Build configuration list for PBXNativeTarget "TuneTallyTests" */ = {
			isa = XCConfigurationList;
			buildConfigurations = (
				766F18352B6C9F6200C6CD30 /* Debug */,
				766F18362B6C9F6200C6CD30 /* Release */,
			);
			defaultConfigurationIsVisible = 0;
			defaultConfigurationName = Release;
		};
		766F18372B6C9F6200C6CD30 /* Build configuration list for PBXNativeTarget "TuneTallyUITests" */ = {
			isa = XCConfigurationList;
			buildConfigurations = (
				766F18382B6C9F6200C6CD30 /* Debug */,
				766F18392B6C9F6200C6CD30 /* Release */,
			);
			defaultConfigurationIsVisible = 0;
			defaultConfigurationName = Release;
		};
/* End XCConfigurationList section */
	};
	rootObject = 766F18052B6C9F6000C6CD30 /* Project object */;
}
